
Microsoft Visual Studio Solution File, Format Version 12.00
# Visual Studio Version 17
VisualStudioVersion = 17.5.33530.505
MinimumVisualStudioVersion = 10.0.40219.1
Project("{FAE04EC0-301F-11D3-BF4B-00C04F79EFBC}") = "LoginTest", "LoginTest.csproj", "{6FC1F843-7993-4643-BF6D-2EE3698A752E}"
EndProject
Global
	GlobalSection(SolutionConfigurationPlatforms) = preSolution
		Debug|Any CPU = Debug|Any CPU
		Release|Any CPU = Release|Any CPU
	EndGlobalSection
	GlobalSection(ProjectConfigurationPlatforms) = postSolution
		{6FC1F843-7993-4643-BF6D-2EE3698A752E}.Debug|Any CPU.ActiveCfg = Debug|Any CPU
		{6FC1F843-7993-4643-BF6D-2EE3698A752E}.Debug|Any CPU.Build.0 = Debug|Any CPU
		{6FC1F843-7993-4643-BF6D-2EE3698A752E}.Release|Any CPU.ActiveCfg = Release|Any CPU
		{6FC1F843-7993-4643-BF6D-2EE3698A752E}.Release|Any CPU.Build.0 = Release|Any CPU
	EndGlobalSection
	GlobalSection(SolutionProperties) = preSolution
		HideSolutionNode = FALSE
	EndGlobalSection
	GlobalSection(ExtensibilityGlobals) = postSolution
		SolutionGuid = {1000FCF1-EE17-4EFA-9053-73C945A56A15}
	EndGlobalSection
EndGlobal
